
Microsoft Visual Studio Solution File, Format Version 12.00
# Visual Studio Version 17
VisualStudioVersion = 17.5.33530.505
MinimumVisualStudioVersion = 10.0.40219.1
Project("{FAE04EC0-301F-11D3-BF4B-00C04F79EFBC}") = "SistemasDeTarefas", "SistemasDeTarefas\SistemasDeTarefas.csproj", "{D8093A0F-202E-4E53-8080-9909F93C557A}"
EndProject
Global
	GlobalSection(SolutionConfigurationPlatforms) = preSolution
		Debug|Any CPU = Debug|Any CPU
		Release|Any CPU = Release|Any CPU
	EndGlobalSection
	GlobalSection(ProjectConfigurationPlatforms) = postSolution
		{D8093A0F-202E-4E53-8080-9909F93C557A}.Debug|Any CPU.ActiveCfg = Debug|Any CPU
		{D8093A0F-202E-4E53-8080-9909F93C557A}.Debug|Any CPU.Build.0 = Debug|Any CPU
		{D8093A0F-202E-4E53-8080-9909F93C557A}.Release|Any CPU.ActiveCfg = Release|Any CPU
		{D8093A0F-202E-4E53-8080-9909F93C557A}.Release|Any CPU.Build.0 = Release|Any CPU
	EndGlobalSection
	GlobalSection(SolutionProperties) = preSolution
		HideSolutionNode = FALSE
	EndGlobalSection
	GlobalSection(ExtensibilityGlobals) = postSolution
		SolutionGuid = {4B0D506A-54E5-4251-98E8-0BAD5092F478}
	EndGlobalSection
EndGlobal
